
Microsoft Visual Studio Solution File, Format Version 12.00
# Visual Studio 2013
VisualStudioVersion = 12.0.21005.1
MinimumVisualStudioVersion = 10.0.40219.1
Project("{FAE04EC0-301F-11D3-BF4B-00C04F79EFBC}") = "DFWMobile.Bootcamp.Common", "DFWMobile.Bootcamp.Common\DFWMobile.Bootcamp.Common.Ex.csproj", "{317E01CD-D5CB-48A6-AEAC-0FB3457E9FAD}"
EndProject
Project("{FAE04EC0-301F-11D3-BF4B-00C04F79EFBC}") = "DFWMobile.Bootcamp.Store", "DFWMobile.Bootcamp.Store\DFWMobile.Bootcamp.Store.csproj", "{EC806898-04A7-4CF1-844D-51DFBC3A781F}"
EndProject
Project("{FAE04EC0-301F-11D3-BF4B-00C04F79EFBC}") = "DFWMobile.Bootcamp.Core", "DFWMobile.Bootcamp.Core\DFWMobile.Bootcamp.Core.Ex.csproj", "{DBFFAD5B-31E0-4043-9886-0C6C7A203F96}"
EndProject
Global
	GlobalSection(SolutionConfigurationPlatforms) = preSolution
		Debug|Any CPU = Debug|Any CPU
		Debug|ARM = Debug|ARM
		Debug|x64 = Debug|x64
		Debug|x86 = Debug|x86
		Release|Any CPU = Release|Any CPU
		Release|ARM = Release|ARM
		Release|x64 = Release|x64
		Release|x86 = Release|x86
	EndGlobalSection
	GlobalSection(ProjectConfigurationPlatforms) = postSolution
		{317E01CD-D5CB-48A6-AEAC-0FB3457E9FAD}.Debug|Any CPU.ActiveCfg = Debug|Any CPU
		{317E01CD-D5CB-48A6-AEAC-0FB3457E9FAD}.Debug|Any CPU.Build.0 = Debug|Any CPU
		{317E01CD-D5CB-48A6-AEAC-0FB3457E9FAD}.Debug|ARM.ActiveCfg = Debug|Any CPU
		{317E01CD-D5CB-48A6-AEAC-0FB3457E9FAD}.Debug|x64.ActiveCfg = Debug|Any CPU
		{317E01CD-D5CB-48A6-AEAC-0FB3457E9FAD}.Debug|x86.ActiveCfg = Debug|Any CPU
		{317E01CD-D5CB-48A6-AEAC-0FB3457E9FAD}.Release|Any CPU.ActiveCfg = Release|Any CPU
		{317E01CD-D5CB-48A6-AEAC-0FB3457E9FAD}.Release|Any CPU.Build.0 = Release|Any CPU
		{317E01CD-D5CB-48A6-AEAC-0FB3457E9FAD}.Release|ARM.ActiveCfg = Release|Any CPU
		{317E01CD-D5CB-48A6-AEAC-0FB3457E9FAD}.Release|x64.ActiveCfg = Release|Any CPU
		{317E01CD-D5CB-48A6-AEAC-0FB3457E9FAD}.Release|x86.ActiveCfg = Release|Any CPU
		{D646A815-5AD3-45FA-9993-5EFC35923DAF}.Debug|Any CPU.ActiveCfg = Debug|Any CPU
		{D646A815-5AD3-45FA-9993-5EFC35923DAF}.Debug|Any CPU.Build.0 = Debug|Any CPU
		{D646A815-5AD3-45FA-9993-5EFC35923DAF}.Debug|ARM.ActiveCfg = Debug|Any CPU
		{D646A815-5AD3-45FA-9993-5EFC35923DAF}.Debug|x64.ActiveCfg = Debug|Any CPU
		{D646A815-5AD3-45FA-9993-5EFC35923DAF}.Debug|x86.ActiveCfg = Debug|Any CPU
		{D646A815-5AD3-45FA-9993-5EFC35923DAF}.Release|Any CPU.ActiveCfg = Release|Any CPU
		{D646A815-5AD3-45FA-9993-5EFC35923DAF}.Release|Any CPU.Build.0 = Release|Any CPU
		{D646A815-5AD3-45FA-9993-5EFC35923DAF}.Release|ARM.ActiveCfg = Release|Any CPU
		{D646A815-5AD3-45FA-9993-5EFC35923DAF}.Release|x64.ActiveCfg = Release|Any CPU
		{D646A815-5AD3-45FA-9993-5EFC35923DAF}.Release|x86.ActiveCfg = Release|Any CPU
		{EC806898-04A7-4CF1-844D-51DFBC3A781F}.Debug|Any CPU.ActiveCfg = Debug|Any CPU
		{EC806898-04A7-4CF1-844D-51DFBC3A781F}.Debug|Any CPU.Build.0 = Debug|Any CPU
		{EC806898-04A7-4CF1-844D-51DFBC3A781F}.Debug|Any CPU.Deploy.0 = Debug|Any CPU
		{EC806898-04A7-4CF1-844D-51DFBC3A781F}.Debug|ARM.ActiveCfg = Debug|ARM
		{EC806898-04A7-4CF1-844D-51DFBC3A781F}.Debug|ARM.Build.0 = Debug|ARM
		{EC806898-04A7-4CF1-844D-51DFBC3A781F}.Debug|ARM.Deploy.0 = Debug|ARM
		{EC806898-04A7-4CF1-844D-51DFBC3A781F}.Debug|x64.ActiveCfg = Debug|x64
		{EC806898-04A7-4CF1-844D-51DFBC3A781F}.Debug|x64.Build.0 = Debug|x64
		{EC806898-04A7-4CF1-844D-51DFBC3A781F}.Debug|x64.Deploy.0 = Debug|x64
		{EC806898-04A7-4CF1-844D-51DFBC3A781F}.Debug|x86.ActiveCfg = Debug|x86
		{EC806898-04A7-4CF1-844D-51DFBC3A781F}.Debug|x86.Build.0 = Debug|x86
		{EC806898-04A7-4CF1-844D-51DFBC3A781F}.Debug|x86.Deploy.0 = Debug|x86
		{EC806898-04A7-4CF1-844D-51DFBC3A781F}.Release|Any CPU.ActiveCfg = Release|Any CPU
		{EC806898-04A7-4CF1-844D-51DFBC3A781F}.Release|Any CPU.Build.0 = Release|Any CPU
		{EC806898-04A7-4CF1-844D-51DFBC3A781F}.Release|Any CPU.Deploy.0 = Release|Any CPU
		{EC806898-04A7-4CF1-844D-51DFBC3A781F}.Release|ARM.ActiveCfg = Release|ARM
		{EC806898-04A7-4CF1-844D-51DFBC3A781F}.Release|ARM.Build.0 = Release|ARM
		{EC806898-04A7-4CF1-844D-51DFBC3A781F}.Release|ARM.Deploy.0 = Release|ARM
		{EC806898-04A7-4CF1-844D-51DFBC3A781F}.Release|x64.ActiveCfg = Release|x64
		{EC806898-04A7-4CF1-844D-51DFBC3A781F}.Release|x64.Build.0 = Release|x64
		{EC806898-04A7-4CF1-844D-51DFBC3A781F}.Release|x64.Deploy.0 = Release|x64
		{EC806898-04A7-4CF1-844D-51DFBC3A781F}.Release|x86.ActiveCfg = Release|x86
		{EC806898-04A7-4CF1-844D-51DFBC3A781F}.Release|x86.Build.0 = Release|x86
		{EC806898-04A7-4CF1-844D-51DFBC3A781F}.Release|x86.Deploy.0 = Release|x86
		{DBFFAD5B-31E0-4043-9886-0C6C7A203F96}.Debug|Any CPU.ActiveCfg = Debug|Any CPU
		{DBFFAD5B-31E0-4043-9886-0C6C7A203F96}.Debug|Any CPU.Build.0 = Debug|Any CPU
		{DBFFAD5B-31E0-4043-9886-0C6C7A203F96}.Debug|ARM.ActiveCfg = Debug|Any CPU
		{DBFFAD5B-31E0-4043-9886-0C6C7A203F96}.Debug|x64.ActiveCfg = Debug|Any CPU
		{DBFFAD5B-31E0-4043-9886-0C6C7A203F96}.Debug|x86.ActiveCfg = Debug|Any CPU
		{DBFFAD5B-31E0-4043-9886-0C6C7A203F96}.Release|Any CPU.ActiveCfg = Release|Any CPU
		{DBFFAD5B-31E0-4043-9886-0C6C7A203F96}.Release|Any CPU.Build.0 = Release|Any CPU
		{DBFFAD5B-31E0-4043-9886-0C6C7A203F96}.Release|ARM.ActiveCfg = Release|Any CPU
		{DBFFAD5B-31E0-4043-9886-0C6C7A203F96}.Release|x64.ActiveCfg = Release|Any CPU
		{DBFFAD5B-31E0-4043-9886-0C6C7A203F96}.Release|x86.ActiveCfg = Release|Any CPU
	EndGlobalSection
	GlobalSection(SolutionProperties) = preSolution
		HideSolutionNode = FALSE
	EndGlobalSection
EndGlobal
