
Microsoft Visual Studio Solution File, Format Version 12.00
# Visual Studio 2013
VisualStudioVersion = 12.0.21005.1
MinimumVisualStudioVersion = 10.0.40219.1
Project("{FAE04EC0-301F-11D3-BF4B-00C04F79EFBC}") = "DFWMobile.Bootcamp.Common", "DFWMobile.Bootcamp.Common\DFWMobile.Bootcamp.Common.csproj", "{317E01CD-D5CB-48A6-AEAC-0FB3457E9FAD}"
EndProject
Project("{FAE04EC0-301F-11D3-BF4B-00C04F79EFBC}") = "DFWMobile.Bootcamp.Common.Test", "DFWMobile.Bootcamp.Common.Test\DFWMobile.Bootcamp.Common.Test.csproj", "{D646A815-5AD3-45FA-9993-5EFC35923DAF}"
EndProject
Global
	GlobalSection(SolutionConfigurationPlatforms) = preSolution
		Debug|Any CPU = Debug|Any CPU
		Release|Any CPU = Release|Any CPU
	EndGlobalSection
	GlobalSection(ProjectConfigurationPlatforms) = postSolution
		{317E01CD-D5CB-48A6-AEAC-0FB3457E9FAD}.Debug|Any CPU.ActiveCfg = Debug|Any CPU
		{317E01CD-D5CB-48A6-AEAC-0FB3457E9FAD}.Debug|Any CPU.Build.0 = Debug|Any CPU
		{317E01CD-D5CB-48A6-AEAC-0FB3457E9FAD}.Release|Any CPU.ActiveCfg = Release|Any CPU
		{317E01CD-D5CB-48A6-AEAC-0FB3457E9FAD}.Release|Any CPU.Build.0 = Release|Any CPU
		{D646A815-5AD3-45FA-9993-5EFC35923DAF}.Debug|Any CPU.ActiveCfg = Debug|Any CPU
		{D646A815-5AD3-45FA-9993-5EFC35923DAF}.Debug|Any CPU.Build.0 = Debug|Any CPU
		{D646A815-5AD3-45FA-9993-5EFC35923DAF}.Release|Any CPU.ActiveCfg = Release|Any CPU
		{D646A815-5AD3-45FA-9993-5EFC35923DAF}.Release|Any CPU.Build.0 = Release|Any CPU
	EndGlobalSection
	GlobalSection(SolutionProperties) = preSolution
		HideSolutionNode = FALSE
	EndGlobalSection
EndGlobal
